// !$*UTF8*$!
{
	archiveVersion = 1;
	classes = {
	};
	objectVersion = 45;
	objects = {

/* Begin PBXBuildFile section */
		5D6FC5AB1010835F00B70742 /* ObjectReturnsForMessage.m in Sources */ = {isa = PBXBuildFile; fileRef = 5D6FC5AA1010835F00B70742 /* ObjectReturnsForMessage.m */; };
		5D6FC6A11010D98900B70742 /* ThrowForMessageTest.m in Sources */ = {isa = PBXBuildFile; fileRef = 5D6FC6A01010D98900B70742 /* ThrowForMessageTest.m */; };
		5D8F7DC010134D4E0072FE0A /* BadObject.m in Sources */ = {isa = PBXBuildFile; fileRef = 5D8F7DBF10134D4E0072FE0A /* BadObject.m */; };
		5D8F7DE81013568A0072FE0A /* BeTest.m in Sources */ = {isa = PBXBuildFile; fileRef = 5D8F7DE71013568A0072FE0A /* BeTest.m */; };
		5DC0E563100F1E3600F0303C /* ReturnValueForMessageTest.m in Sources */ = {isa = PBXBuildFile; fileRef = 5DC0E562100F1E3600F0303C /* ReturnValueForMessageTest.m */; };
		5DC3BF711014593400D388D5 /* ContainTest.m in Sources */ = {isa = PBXBuildFile; fileRef = 5DC3BF701014593400D388D5 /* ContainTest.m */; };
		5DC3BF911014614800D388D5 /* OMFloatWrapper.m in Sources */ = {isa = PBXBuildFile; fileRef = 5DC3BF901014614800D388D5 /* OMFloatWrapper.m */; };
		5DC3BF921014614800D388D5 /* OMFloatWrapper.h in Headers */ = {isa = PBXBuildFile; fileRef = 5DC3BF8F1014614800D388D5 /* OMFloatWrapper.h */; };
		5DC3BF931014614800D388D5 /* OMFloatWrapper.m in Sources */ = {isa = PBXBuildFile; fileRef = 5DC3BF901014614800D388D5 /* OMFloatWrapper.m */; };
		5DF32B49100F29B50054B62A /* SimpleInvocationTest.m in Sources */ = {isa = PBXBuildFile; fileRef = 5DF32B48100F29B50054B62A /* SimpleInvocationTest.m */; };
		5DF32B50100F2BC10054B62A /* OMSimpleInvocation-NSObject.h in Headers */ = {isa = PBXBuildFile; fileRef = 5DF32B4E100F2BC10054B62A /* OMSimpleInvocation-NSObject.h */; };
		5DF32B51100F2BC10054B62A /* OMSimpleInvocation-NSObject.m in Sources */ = {isa = PBXBuildFile; fileRef = 5DF32B4F100F2BC10054B62A /* OMSimpleInvocation-NSObject.m */; };
		5DF32B52100F2BC10054B62A /* OMSimpleInvocation-NSObject.m in Sources */ = {isa = PBXBuildFile; fileRef = 5DF32B4F100F2BC10054B62A /* OMSimpleInvocation-NSObject.m */; };
		5DF32BEE100F6F570054B62A /* OMBoolWrapper.m in Sources */ = {isa = PBXBuildFile; fileRef = 5DF32BED100F6F570054B62A /* OMBoolWrapper.m */; };
		5DF32BEF100F6F570054B62A /* OMBoolWrapper.h in Headers */ = {isa = PBXBuildFile; fileRef = 5DF32BEC100F6F570054B62A /* OMBoolWrapper.h */; };
		5DF32BF0100F6F570054B62A /* OMBoolWrapper.m in Sources */ = {isa = PBXBuildFile; fileRef = 5DF32BED100F6F570054B62A /* OMBoolWrapper.m */; };
		5DF32BF3100F6F7A0054B62A /* OMIntWrapper.m in Sources */ = {isa = PBXBuildFile; fileRef = 5DF32BF2100F6F7A0054B62A /* OMIntWrapper.m */; };
		5DF32BF4100F6F7A0054B62A /* OMIntWrapper.h in Headers */ = {isa = PBXBuildFile; fileRef = 5DF32BF1100F6F7A0054B62A /* OMIntWrapper.h */; };
		5DF32BF5100F6F7A0054B62A /* OMIntWrapper.m in Sources */ = {isa = PBXBuildFile; fileRef = 5DF32BF2100F6F7A0054B62A /* OMIntWrapper.m */; };
		5DF32FEA100F9A470054B62A /* OMSELWrapper.m in Sources */ = {isa = PBXBuildFile; fileRef = 5DF32FE9100F9A470054B62A /* OMSELWrapper.m */; };
		5DF32FEB100F9A470054B62A /* OMSELWrapper.h in Headers */ = {isa = PBXBuildFile; fileRef = 5DF32FE8100F9A470054B62A /* OMSELWrapper.h */; };
		5DF32FEC100F9A470054B62A /* OMSELWrapper.m in Sources */ = {isa = PBXBuildFile; fileRef = 5DF32FE9100F9A470054B62A /* OMSELWrapper.m */; };
		6669468A0FFA7F8400A1706F /* OMExpectations-NSObject.m in Sources */ = {isa = PBXBuildFile; fileRef = 666946890FFA7F8400A1706F /* OMExpectations-NSObject.m */; };
		6669468B0FFA7F8400A1706F /* OMExpectations-NSObject.h in Headers */ = {isa = PBXBuildFile; fileRef = 666946880FFA7F8400A1706F /* OMExpectations-NSObject.h */; settings = {ATTRIBUTES = (Public, ); }; };
		6669468C0FFA7F8400A1706F /* OMExpectations-NSObject.m in Sources */ = {isa = PBXBuildFile; fileRef = 666946890FFA7F8400A1706F /* OMExpectations-NSObject.m */; };
		6669469A0FFA835200A1706F /* OMMatcherTest.m in Sources */ = {isa = PBXBuildFile; fileRef = 666946990FFA835200A1706F /* OMMatcherTest.m */; };
		666946A10FFA846600A1706F /* OMMatcher.m in Sources */ = {isa = PBXBuildFile; fileRef = 666946A00FFA846600A1706F /* OMMatcher.m */; };
		666946A20FFA846600A1706F /* OMMatcher.h in Headers */ = {isa = PBXBuildFile; fileRef = 6669469F0FFA846600A1706F /* OMMatcher.h */; settings = {ATTRIBUTES = (Public, ); }; };
		666946A30FFA846600A1706F /* OMMatcher.m in Sources */ = {isa = PBXBuildFile; fileRef = 666946A00FFA846600A1706F /* OMMatcher.m */; };
		66F67D900FFA74ED00A657E2 /* EqlTest.m in Sources */ = {isa = PBXBuildFile; fileRef = 66F67D8F0FFA74ED00A657E2 /* EqlTest.m */; };
		66F67D950FFA757600A657E2 /* SenTestingKit.framework in Frameworks */ = {isa = PBXBuildFile; fileRef = 66F67D940FFA757600A657E2 /* SenTestingKit.framework */; };
		8DC2EF530486A6940098B216 /* InfoPlist.strings in Resources */ = {isa = PBXBuildFile; fileRef = 089C1666FE841158C02AAC07 /* InfoPlist.strings */; };
		8DC2EF570486A6940098B216 /* Cocoa.framework in Frameworks */ = {isa = PBXBuildFile; fileRef = 1058C7B1FEA5585E11CA2CBB /* Cocoa.framework */; };
		F51B089A0FFCB8D100F453BE /* OMMatcher-OMMatcherMethods.m in Sources */ = {isa = PBXBuildFile; fileRef = F51B08990FFCB8D100F453BE /* OMMatcher-OMMatcherMethods.m */; };
		F51B089B0FFCB8D100F453BE /* OMMatcher-OMMatcherMethods.h in Headers */ = {isa = PBXBuildFile; fileRef = F51B08980FFCB8D100F453BE /* OMMatcher-OMMatcherMethods.h */; settings = {ATTRIBUTES = (Public, ); }; };
		F51B089C0FFCB8D100F453BE /* OMMatcher-OMMatcherMethods.m in Sources */ = {isa = PBXBuildFile; fileRef = F51B08990FFCB8D100F453BE /* OMMatcher-OMMatcherMethods.m */; };
		F53D10901002488900E62C14 /* OMWrapperTest.m in Sources */ = {isa = PBXBuildFile; fileRef = F53D108F1002488900E62C14 /* OMWrapperTest.m */; };
		F571DB15100B35CD008F2E09 /* TestCaseMacroTest.m in Sources */ = {isa = PBXBuildFile; fileRef = F571DB14100B35CD008F2E09 /* TestCaseMacroTest.m */; };
		F571DB34100B38AD008F2E09 /* ObjectiveMatchy.h in Headers */ = {isa = PBXBuildFile; fileRef = F571DB32100B38AD008F2E09 /* ObjectiveMatchy.h */; settings = {ATTRIBUTES = (Public, ); }; };
		F571DB48100B3E26008F2E09 /* OM-NSException.h in Headers */ = {isa = PBXBuildFile; fileRef = F571DB46100B3E26008F2E09 /* OM-NSException.h */; settings = {ATTRIBUTES = (Public, ); }; };
		F571DB49100B3E26008F2E09 /* OM-NSException.m in Sources */ = {isa = PBXBuildFile; fileRef = F571DB47100B3E26008F2E09 /* OM-NSException.m */; };
		F571DB4A100B3E26008F2E09 /* OM-NSException.m in Sources */ = {isa = PBXBuildFile; fileRef = F571DB47100B3E26008F2E09 /* OM-NSException.m */; };
		F571DC74100B63E9008F2E09 /* OMWrapper.h in Headers */ = {isa = PBXBuildFile; fileRef = F5981F38100211E70027F0CC /* OMWrapper.h */; settings = {ATTRIBUTES = (Public, ); }; };
		F571DC75100B63EC008F2E09 /* OMWrapper.m in Sources */ = {isa = PBXBuildFile; fileRef = F5981F39100211E70027F0CC /* OMWrapper.m */; };
		F5981F3A100211E70027F0CC /* OMWrapper.m in Sources */ = {isa = PBXBuildFile; fileRef = F5981F39100211E70027F0CC /* OMWrapper.m */; };
		F5E3E9E51000D17F00D432D7 /* ObjectiveMatchyMacros.h in Headers */ = {isa = PBXBuildFile; fileRef = F5E3E9E31000D17F00D432D7 /* ObjectiveMatchyMacros.h */; settings = {ATTRIBUTES = (Public, ); }; };
		F5E3EB181000EECF00D432D7 /* RespondToSelectorTest.m in Sources */ = {isa = PBXBuildFile; fileRef = F5E3EB171000EECF00D432D7 /* RespondToSelectorTest.m */; };
		F5E3EB511000F4C800D432D7 /* HaveKeyTest.m in Sources */ = {isa = PBXBuildFile; fileRef = F5E3EB501000F4C800D432D7 /* HaveKeyTest.m */; };
		F5E3EB581000F5DB00D432D7 /* ObjectWithKey.m in Sources */ = {isa = PBXBuildFile; fileRef = F5E3EB571000F5DB00D432D7 /* ObjectWithKey.m */; };
/* End PBXBuildFile section */

/* Begin PBXContainerItemProxy section */
		66F67D8A0FFA74B400A657E2 /* PBXContainerItemProxy */ = {
			isa = PBXContainerItemProxy;
			containerPortal = 0867D690FE84028FC02AAC07 /* Project object */;
			proxyType = 1;
			remoteGlobalIDString = 8DC2EF4F0486A6940098B216;
			remoteInfo = ObjectiveMatchy;
		};
/* End PBXContainerItemProxy section */

/* Begin PBXFileReference section */
		0867D69BFE84028FC02AAC07 /* Foundation.framework */ = {isa = PBXFileReference; lastKnownFileType = wrapper.framework; name = Foundation.framework; path = /System/Library/Frameworks/Foundation.framework; sourceTree = "<absolute>"; };
		0867D6A5FE840307C02AAC07 /* AppKit.framework */ = {isa = PBXFileReference; lastKnownFileType = wrapper.framework; name = AppKit.framework; path = /System/Library/Frameworks/AppKit.framework; sourceTree = "<absolute>"; };
		089C1667FE841158C02AAC07 /* English */ = {isa = PBXFileReference; fileEncoding = 10; lastKnownFileType = text.plist.strings; name = English; path = English.lproj/InfoPlist.strings; sourceTree = "<group>"; };
		1058C7B1FEA5585E11CA2CBB /* Cocoa.framework */ = {isa = PBXFileReference; lastKnownFileType = wrapper.framework; name = Cocoa.framework; path = /System/Library/Frameworks/Cocoa.framework; sourceTree = "<absolute>"; };
		32DBCF5E0370ADEE00C91783 /* ObjectiveMatchy_Prefix.pch */ = {isa = PBXFileReference; fileEncoding = 4; lastKnownFileType = sourcecode.c.h; path = ObjectiveMatchy_Prefix.pch; sourceTree = "<group>"; };
		5D6FC5A91010835F00B70742 /* ObjectReturnsForMessage.h */ = {isa = PBXFileReference; fileEncoding = 4; lastKnownFileType = sourcecode.c.h; path = ObjectReturnsForMessage.h; sourceTree = "<group>"; };
		5D6FC5AA1010835F00B70742 /* ObjectReturnsForMessage.m */ = {isa = PBXFileReference; fileEncoding = 4; lastKnownFileType = sourcecode.c.objc; path = ObjectReturnsForMessage.m; sourceTree = "<group>"; };
		5D6FC69F1010D98900B70742 /* ThrowForMessageTest.h */ = {isa = PBXFileReference; fileEncoding = 4; lastKnownFileType = sourcecode.c.h; path = ThrowForMessageTest.h; sourceTree = "<group>"; };
		5D6FC6A01010D98900B70742 /* ThrowForMessageTest.m */ = {isa = PBXFileReference; fileEncoding = 4; lastKnownFileType = sourcecode.c.objc; path = ThrowForMessageTest.m; sourceTree = "<group>"; };
		5D8F7DBE10134D4E0072FE0A /* BadObject.h */ = {isa = PBXFileReference; fileEncoding = 4; lastKnownFileType = sourcecode.c.h; path = BadObject.h; sourceTree = "<group>"; };
		5D8F7DBF10134D4E0072FE0A /* BadObject.m */ = {isa = PBXFileReference; fileEncoding = 4; lastKnownFileType = sourcecode.c.objc; path = BadObject.m; sourceTree = "<group>"; };
		5D8F7DE61013568A0072FE0A /* BeTest.h */ = {isa = PBXFileReference; fileEncoding = 4; lastKnownFileType = sourcecode.c.h; path = BeTest.h; sourceTree = "<group>"; };
		5D8F7DE71013568A0072FE0A /* BeTest.m */ = {isa = PBXFileReference; fileEncoding = 4; lastKnownFileType = sourcecode.c.objc; path = BeTest.m; sourceTree = "<group>"; };
		5DC0E561100F1E3600F0303C /* ReturnValueForMessageTest.h */ = {isa = PBXFileReference; fileEncoding = 4; lastKnownFileType = sourcecode.c.h; path = ReturnValueForMessageTest.h; sourceTree = "<group>"; };
		5DC0E562100F1E3600F0303C /* ReturnValueForMessageTest.m */ = {isa = PBXFileReference; fileEncoding = 4; lastKnownFileType = sourcecode.c.objc; path = ReturnValueForMessageTest.m; sourceTree = "<group>"; };
		5DC3BF6F1014593400D388D5 /* ContainTest.h */ = {isa = PBXFileReference; fileEncoding = 4; lastKnownFileType = sourcecode.c.h; path = ContainTest.h; sourceTree = "<group>"; };
		5DC3BF701014593400D388D5 /* ContainTest.m */ = {isa = PBXFileReference; fileEncoding = 4; lastKnownFileType = sourcecode.c.objc; path = ContainTest.m; sourceTree = "<group>"; };
		5DC3BF8F1014614800D388D5 /* OMFloatWrapper.h */ = {isa = PBXFileReference; fileEncoding = 4; lastKnownFileType = sourcecode.c.h; path = OMFloatWrapper.h; sourceTree = "<group>"; };
		5DC3BF901014614800D388D5 /* OMFloatWrapper.m */ = {isa = PBXFileReference; fileEncoding = 4; lastKnownFileType = sourcecode.c.objc; path = OMFloatWrapper.m; sourceTree = "<group>"; };
		5DF32B47100F29B50054B62A /* SimpleInvocationTest.h */ = {isa = PBXFileReference; fileEncoding = 4; lastKnownFileType = sourcecode.c.h; path = SimpleInvocationTest.h; sourceTree = "<group>"; };
		5DF32B48100F29B50054B62A /* SimpleInvocationTest.m */ = {isa = PBXFileReference; fileEncoding = 4; lastKnownFileType = sourcecode.c.objc; path = SimpleInvocationTest.m; sourceTree = "<group>"; };
		5DF32B4E100F2BC10054B62A /* OMSimpleInvocation-NSObject.h */ = {isa = PBXFileReference; fileEncoding = 4; lastKnownFileType = sourcecode.c.h; path = "OMSimpleInvocation-NSObject.h"; sourceTree = "<group>"; };
		5DF32B4F100F2BC10054B62A /* OMSimpleInvocation-NSObject.m */ = {isa = PBXFileReference; fileEncoding = 4; lastKnownFileType = sourcecode.c.objc; path = "OMSimpleInvocation-NSObject.m"; sourceTree = "<group>"; };
		5DF32BEC100F6F570054B62A /* OMBoolWrapper.h */ = {isa = PBXFileReference; fileEncoding = 4; lastKnownFileType = sourcecode.c.h; path = OMBoolWrapper.h; sourceTree = "<group>"; };
		5DF32BED100F6F570054B62A /* OMBoolWrapper.m */ = {isa = PBXFileReference; fileEncoding = 4; lastKnownFileType = sourcecode.c.objc; path = OMBoolWrapper.m; sourceTree = "<group>"; };
		5DF32BF1100F6F7A0054B62A /* OMIntWrapper.h */ = {isa = PBXFileReference; fileEncoding = 4; lastKnownFileType = sourcecode.c.h; path = OMIntWrapper.h; sourceTree = "<group>"; };
		5DF32BF2100F6F7A0054B62A /* OMIntWrapper.m */ = {isa = PBXFileReference; fileEncoding = 4; lastKnownFileType = sourcecode.c.objc; path = OMIntWrapper.m; sourceTree = "<group>"; };
		5DF32FE8100F9A470054B62A /* OMSELWrapper.h */ = {isa = PBXFileReference; fileEncoding = 4; lastKnownFileType = sourcecode.c.h; path = OMSELWrapper.h; sourceTree = "<group>"; };
		5DF32FE9100F9A470054B62A /* OMSELWrapper.m */ = {isa = PBXFileReference; fileEncoding = 4; lastKnownFileType = sourcecode.c.objc; path = OMSELWrapper.m; sourceTree = "<group>"; };
		666946880FFA7F8400A1706F /* OMExpectations-NSObject.h */ = {isa = PBXFileReference; fileEncoding = 4; lastKnownFileType = sourcecode.c.h; path = "OMExpectations-NSObject.h"; sourceTree = "<group>"; };
		666946890FFA7F8400A1706F /* OMExpectations-NSObject.m */ = {isa = PBXFileReference; fileEncoding = 4; lastKnownFileType = sourcecode.c.objc; path = "OMExpectations-NSObject.m"; sourceTree = "<group>"; };
		666946980FFA835200A1706F /* OMMatcherTest.h */ = {isa = PBXFileReference; fileEncoding = 4; lastKnownFileType = sourcecode.c.h; path = OMMatcherTest.h; sourceTree = "<group>"; };
		666946990FFA835200A1706F /* OMMatcherTest.m */ = {isa = PBXFileReference; fileEncoding = 4; lastKnownFileType = sourcecode.c.objc; path = OMMatcherTest.m; sourceTree = "<group>"; };
		6669469F0FFA846600A1706F /* OMMatcher.h */ = {isa = PBXFileReference; fileEncoding = 4; lastKnownFileType = sourcecode.c.h; path = OMMatcher.h; sourceTree = "<group>"; };
		666946A00FFA846600A1706F /* OMMatcher.m */ = {isa = PBXFileReference; fileEncoding = 4; lastKnownFileType = sourcecode.c.objc; path = OMMatcher.m; sourceTree = "<group>"; };
		66F67D850FFA74AD00A657E2 /* Test.octest */ = {isa = PBXFileReference; explicitFileType = wrapper.cfbundle; includeInIndex = 0; path = Test.octest; sourceTree = BUILT_PRODUCTS_DIR; };
		66F67D860FFA74AD00A657E2 /* Test-Info.plist */ = {isa = PBXFileReference; lastKnownFileType = text.plist.xml; path = "Test-Info.plist"; sourceTree = "<group>"; };
		66F67D8E0FFA74ED00A657E2 /* EqlTest.h */ = {isa = PBXFileReference; fileEncoding = 4; lastKnownFileType = sourcecode.c.h; path = EqlTest.h; sourceTree = "<group>"; };
		66F67D8F0FFA74ED00A657E2 /* EqlTest.m */ = {isa = PBXFileReference; fileEncoding = 4; lastKnownFileType = sourcecode.c.objc; path = EqlTest.m; sourceTree = "<group>"; };
		66F67D940FFA757600A657E2 /* SenTestingKit.framework */ = {isa = PBXFileReference; lastKnownFileType = wrapper.framework; name = SenTestingKit.framework; path = Library/Frameworks/SenTestingKit.framework; sourceTree = DEVELOPER_DIR; };
		8DC2EF5A0486A6940098B216 /* Info.plist */ = {isa = PBXFileReference; fileEncoding = 4; lastKnownFileType = text.plist.xml; path = Info.plist; sourceTree = "<group>"; };
		8DC2EF5B0486A6940098B216 /* ObjectiveMatchy.framework */ = {isa = PBXFileReference; explicitFileType = wrapper.framework; includeInIndex = 0; path = ObjectiveMatchy.framework; sourceTree = BUILT_PRODUCTS_DIR; };
		D2F7E79907B2D74100F64583 /* CoreData.framework */ = {isa = PBXFileReference; lastKnownFileType = wrapper.framework; name = CoreData.framework; path = /System/Library/Frameworks/CoreData.framework; sourceTree = "<absolute>"; };
		F51B08980FFCB8D100F453BE /* OMMatcher-OMMatcherMethods.h */ = {isa = PBXFileReference; fileEncoding = 4; lastKnownFileType = sourcecode.c.h; path = "OMMatcher-OMMatcherMethods.h"; sourceTree = "<group>"; };
		F51B08990FFCB8D100F453BE /* OMMatcher-OMMatcherMethods.m */ = {isa = PBXFileReference; fileEncoding = 4; lastKnownFileType = sourcecode.c.objc; path = "OMMatcher-OMMatcherMethods.m"; sourceTree = "<group>"; };
		F53D108E1002488900E62C14 /* OMWrapperTest.h */ = {isa = PBXFileReference; fileEncoding = 4; lastKnownFileType = sourcecode.c.h; path = OMWrapperTest.h; sourceTree = "<group>"; };
		F53D108F1002488900E62C14 /* OMWrapperTest.m */ = {isa = PBXFileReference; fileEncoding = 4; lastKnownFileType = sourcecode.c.objc; path = OMWrapperTest.m; sourceTree = "<group>"; };
		F571DB14100B35CD008F2E09 /* TestCaseMacroTest.m */ = {isa = PBXFileReference; fileEncoding = 4; lastKnownFileType = sourcecode.c.objc; path = TestCaseMacroTest.m; sourceTree = "<group>"; };
		F571DB32100B38AD008F2E09 /* ObjectiveMatchy.h */ = {isa = PBXFileReference; fileEncoding = 4; lastKnownFileType = sourcecode.c.h; path = ObjectiveMatchy.h; sourceTree = "<group>"; };
		F571DB46100B3E26008F2E09 /* OM-NSException.h */ = {isa = PBXFileReference; fileEncoding = 4; lastKnownFileType = sourcecode.c.h; path = "OM-NSException.h"; sourceTree = "<group>"; };
		F571DB47100B3E26008F2E09 /* OM-NSException.m */ = {isa = PBXFileReference; fileEncoding = 4; lastKnownFileType = sourcecode.c.objc; path = "OM-NSException.m"; sourceTree = "<group>"; };
		F5981F38100211E70027F0CC /* OMWrapper.h */ = {isa = PBXFileReference; fileEncoding = 4; lastKnownFileType = sourcecode.c.h; path = OMWrapper.h; sourceTree = "<group>"; };
		F5981F39100211E70027F0CC /* OMWrapper.m */ = {isa = PBXFileReference; fileEncoding = 4; lastKnownFileType = sourcecode.c.objc; path = OMWrapper.m; sourceTree = "<group>"; };
		F5E3E9E31000D17F00D432D7 /* ObjectiveMatchyMacros.h */ = {isa = PBXFileReference; fileEncoding = 4; lastKnownFileType = sourcecode.c.h; path = ObjectiveMatchyMacros.h; sourceTree = "<group>"; };
		F5E3EB161000EECF00D432D7 /* RespondToSelectorTest.h */ = {isa = PBXFileReference; fileEncoding = 4; lastKnownFileType = sourcecode.c.h; path = RespondToSelectorTest.h; sourceTree = "<group>"; };
		F5E3EB171000EECF00D432D7 /* RespondToSelectorTest.m */ = {isa = PBXFileReference; fileEncoding = 4; lastKnownFileType = sourcecode.c.objc; path = RespondToSelectorTest.m; sourceTree = "<group>"; };
		F5E3EB4F1000F4C800D432D7 /* HaveKeyTest.h */ = {isa = PBXFileReference; fileEncoding = 4; lastKnownFileType = sourcecode.c.h; path = HaveKeyTest.h; sourceTree = "<group>"; };
		F5E3EB501000F4C800D432D7 /* HaveKeyTest.m */ = {isa = PBXFileReference; fileEncoding = 4; lastKnownFileType = sourcecode.c.objc; path = HaveKeyTest.m; sourceTree = "<group>"; };
		F5E3EB561000F5DB00D432D7 /* ObjectWithKey.h */ = {isa = PBXFileReference; fileEncoding = 4; lastKnownFileType = sourcecode.c.h; path = ObjectWithKey.h; sourceTree = "<group>"; };
		F5E3EB571000F5DB00D432D7 /* ObjectWithKey.m */ = {isa = PBXFileReference; fileEncoding = 4; lastKnownFileType = sourcecode.c.objc; path = ObjectWithKey.m; sourceTree = "<group>"; };
/* End PBXFileReference section */

/* Begin PBXFrameworksBuildPhase section */
		66F67D820FFA74AD00A657E2 /* Frameworks */ = {
			isa = PBXFrameworksBuildPhase;
			buildActionMask = 2147483647;
			files = (
				66F67D950FFA757600A657E2 /* SenTestingKit.framework in Frameworks */,
			);
			runOnlyForDeploymentPostprocessing = 0;
		};
		8DC2EF560486A6940098B216 /* Frameworks */ = {
			isa = PBXFrameworksBuildPhase;
			buildActionMask = 2147483647;
			files = (
				8DC2EF570486A6940098B216 /* Cocoa.framework in Frameworks */,
			);
			runOnlyForDeploymentPostprocessing = 0;
		};
/* End PBXFrameworksBuildPhase section */

/* Begin PBXGroup section */
		034768DFFF38A50411DB9C8B /* Products */ = {
			isa = PBXGroup;
			children = (
				8DC2EF5B0486A6940098B216 /* ObjectiveMatchy.framework */,
				66F67D850FFA74AD00A657E2 /* Test.octest */,
			);
			name = Products;
			sourceTree = "<group>";
		};
		0867D691FE84028FC02AAC07 /* ObjectiveMatchy */ = {
			isa = PBXGroup;
			children = (
				F571DB2C100B387C008F2E09 /* Public */,
				F5E3E9C11000D14600D432D7 /* Macros */,
				66F67D8D0FFA74C500A657E2 /* Tests */,
				08FB77AEFE84172EC02AAC07 /* Classes */,
				32C88DFF0371C24200C91783 /* Other Sources */,
				089C1665FE841158C02AAC07 /* Resources */,
				0867D69AFE84028FC02AAC07 /* External Frameworks and Libraries */,
				034768DFFF38A50411DB9C8B /* Products */,
				66F67D860FFA74AD00A657E2 /* Test-Info.plist */,
			);
			name = ObjectiveMatchy;
			sourceTree = "<group>";
		};
		0867D69AFE84028FC02AAC07 /* External Frameworks and Libraries */ = {
			isa = PBXGroup;
			children = (
				1058C7B0FEA5585E11CA2CBB /* Linked Frameworks */,
				1058C7B2FEA5585E11CA2CBB /* Other Frameworks */,
			);
			name = "External Frameworks and Libraries";
			sourceTree = "<group>";
		};
		089C1665FE841158C02AAC07 /* Resources */ = {
			isa = PBXGroup;
			children = (
				8DC2EF5A0486A6940098B216 /* Info.plist */,
				089C1666FE841158C02AAC07 /* InfoPlist.strings */,
			);
			name = Resources;
			sourceTree = "<group>";
		};
		08FB77AEFE84172EC02AAC07 /* Classes */ = {
			isa = PBXGroup;
			children = (
				5DC3BF8F1014614800D388D5 /* OMFloatWrapper.h */,
				5DC3BF901014614800D388D5 /* OMFloatWrapper.m */,
				5DF32BF1100F6F7A0054B62A /* OMIntWrapper.h */,
				5DF32BF2100F6F7A0054B62A /* OMIntWrapper.m */,
				666946880FFA7F8400A1706F /* OMExpectations-NSObject.h */,
				666946890FFA7F8400A1706F /* OMExpectations-NSObject.m */,
				5DF32B4E100F2BC10054B62A /* OMSimpleInvocation-NSObject.h */,
				5DF32B4F100F2BC10054B62A /* OMSimpleInvocation-NSObject.m */,
				6669469F0FFA846600A1706F /* OMMatcher.h */,
				666946A00FFA846600A1706F /* OMMatcher.m */,
				F571DB46100B3E26008F2E09 /* OM-NSException.h */,
				F571DB47100B3E26008F2E09 /* OM-NSException.m */,
				F51B08980FFCB8D100F453BE /* OMMatcher-OMMatcherMethods.h */,
				F51B08990FFCB8D100F453BE /* OMMatcher-OMMatcherMethods.m */,
				F5981F38100211E70027F0CC /* OMWrapper.h */,
				F5981F39100211E70027F0CC /* OMWrapper.m */,
				5DF32BEC100F6F570054B62A /* OMBoolWrapper.h */,
				5DF32BED100F6F570054B62A /* OMBoolWrapper.m */,
				5DF32FE8100F9A470054B62A /* OMSELWrapper.h */,
				5DF32FE9100F9A470054B62A /* OMSELWrapper.m */,
			);
			name = Classes;
			sourceTree = "<group>";
		};
		1058C7B0FEA5585E11CA2CBB /* Linked Frameworks */ = {
			isa = PBXGroup;
			children = (
				1058C7B1FEA5585E11CA2CBB /* Cocoa.framework */,
			);
			name = "Linked Frameworks";
			sourceTree = "<group>";
		};
		1058C7B2FEA5585E11CA2CBB /* Other Frameworks */ = {
			isa = PBXGroup;
			children = (
				66F67D940FFA757600A657E2 /* SenTestingKit.framework */,
				0867D6A5FE840307C02AAC07 /* AppKit.framework */,
				D2F7E79907B2D74100F64583 /* CoreData.framework */,
				0867D69BFE84028FC02AAC07 /* Foundation.framework */,
			);
			name = "Other Frameworks";
			sourceTree = "<group>";
		};
		32C88DFF0371C24200C91783 /* Other Sources */ = {
			isa = PBXGroup;
			children = (
				32DBCF5E0370ADEE00C91783 /* ObjectiveMatchy_Prefix.pch */,
			);
			name = "Other Sources";
			sourceTree = "<group>";
		};
		66F67D8D0FFA74C500A657E2 /* Tests */ = {
			isa = PBXGroup;
			children = (
				5D6FC69F1010D98900B70742 /* ThrowForMessageTest.h */,
				5D6FC6A01010D98900B70742 /* ThrowForMessageTest.m */,
				F571DB14100B35CD008F2E09 /* TestCaseMacroTest.m */,
				F5E3EB561000F5DB00D432D7 /* ObjectWithKey.h */,
				F5E3EB571000F5DB00D432D7 /* ObjectWithKey.m */,
				5D8F7DE61013568A0072FE0A /* BeTest.h */,
				5D8F7DE71013568A0072FE0A /* BeTest.m */,
				5DC3BF6F1014593400D388D5 /* ContainTest.h */,
				5DC3BF701014593400D388D5 /* ContainTest.m */,
				5D6FC5A91010835F00B70742 /* ObjectReturnsForMessage.h */,
				5D6FC5AA1010835F00B70742 /* ObjectReturnsForMessage.m */,
				5D8F7DBE10134D4E0072FE0A /* BadObject.h */,
				5D8F7DBF10134D4E0072FE0A /* BadObject.m */,
				F5E3EB4F1000F4C800D432D7 /* HaveKeyTest.h */,
				F5E3EB501000F4C800D432D7 /* HaveKeyTest.m */,
				66F67D8E0FFA74ED00A657E2 /* EqlTest.h */,
				66F67D8F0FFA74ED00A657E2 /* EqlTest.m */,
				666946980FFA835200A1706F /* OMMatcherTest.h */,
				666946990FFA835200A1706F /* OMMatcherTest.m */,
				F5E3EB161000EECF00D432D7 /* RespondToSelectorTest.h */,
				F5E3EB171000EECF00D432D7 /* RespondToSelectorTest.m */,
				5DC0E561100F1E3600F0303C /* ReturnValueForMessageTest.h */,
				5DC0E562100F1E3600F0303C /* ReturnValueForMessageTest.m */,
				5DF32B47100F29B50054B62A /* SimpleInvocationTest.h */,
				5DF32B48100F29B50054B62A /* SimpleInvocationTest.m */,
				F53D108E1002488900E62C14 /* OMWrapperTest.h */,
				F53D108F1002488900E62C14 /* OMWrapperTest.m */,
			);
			name = Tests;
			sourceTree = "<group>";
		};
		F571DB2C100B387C008F2E09 /* Public */ = {
			isa = PBXGroup;
			children = (
				F571DB32100B38AD008F2E09 /* ObjectiveMatchy.h */,
			);
			name = Public;
			sourceTree = "<group>";
		};
		F5E3E9C11000D14600D432D7 /* Macros */ = {
			isa = PBXGroup;
			children = (
				F5E3E9E31000D17F00D432D7 /* ObjectiveMatchyMacros.h */,
			);
			name = Macros;
			sourceTree = "<group>";
		};
/* End PBXGroup section */

/* Begin PBXHeadersBuildPhase section */
		8DC2EF500486A6940098B216 /* Headers */ = {
			isa = PBXHeadersBuildPhase;
			buildActionMask = 2147483647;
			files = (
				F571DC74100B63E9008F2E09 /* OMWrapper.h in Headers */,
				6669468B0FFA7F8400A1706F /* OMExpectations-NSObject.h in Headers */,
				666946A20FFA846600A1706F /* OMMatcher.h in Headers */,
				F51B089B0FFCB8D100F453BE /* OMMatcher-OMMatcherMethods.h in Headers */,
				F5E3E9E51000D17F00D432D7 /* ObjectiveMatchyMacros.h in Headers */,
				F571DB34100B38AD008F2E09 /* ObjectiveMatchy.h in Headers */,
				F571DB48100B3E26008F2E09 /* OM-NSException.h in Headers */,
				5DF32B50100F2BC10054B62A /* OMSimpleInvocation-NSObject.h in Headers */,
				5DF32BEF100F6F570054B62A /* OMBoolWrapper.h in Headers */,
				5DF32BF4100F6F7A0054B62A /* OMIntWrapper.h in Headers */,
				5DF32FEB100F9A470054B62A /* OMSELWrapper.h in Headers */,
				5DC3BF921014614800D388D5 /* OMFloatWrapper.h in Headers */,
			);
			runOnlyForDeploymentPostprocessing = 0;
		};
/* End PBXHeadersBuildPhase section */

/* Begin PBXNativeTarget section */
		66F67D840FFA74AD00A657E2 /* Test */ = {
			isa = PBXNativeTarget;
			buildConfigurationList = 66F67D890FFA74AE00A657E2 /* Build configuration list for PBXNativeTarget "Test" */;
			buildPhases = (
				66F67D800FFA74AD00A657E2 /* Resources */,
				66F67D810FFA74AD00A657E2 /* Sources */,
				66F67D820FFA74AD00A657E2 /* Frameworks */,
				66F67D830FFA74AD00A657E2 /* ShellScript */,
			);
			buildRules = (
			);
			dependencies = (
				66F67D8B0FFA74B400A657E2 /* PBXTargetDependency */,
			);
			name = Test;
			productName = Test;
			productReference = 66F67D850FFA74AD00A657E2 /* Test.octest */;
			productType = "com.apple.product-type.bundle";
		};
		8DC2EF4F0486A6940098B216 /* ObjectiveMatchy */ = {
			isa = PBXNativeTarget;
			buildConfigurationList = 1DEB91AD08733DA50010E9CD /* Build configuration list for PBXNativeTarget "ObjectiveMatchy" */;
			buildPhases = (
				8DC2EF500486A6940098B216 /* Headers */,
				8DC2EF520486A6940098B216 /* Resources */,
				8DC2EF540486A6940098B216 /* Sources */,
				8DC2EF560486A6940098B216 /* Frameworks */,
			);
			buildRules = (
			);
			dependencies = (
			);
			name = ObjectiveMatchy;
			productInstallPath = "$(HOME)/Library/Frameworks";
			productName = ObjectiveMatchy;
			productReference = 8DC2EF5B0486A6940098B216 /* ObjectiveMatchy.framework */;
			productType = "com.apple.product-type.framework";
		};
/* End PBXNativeTarget section */

/* Begin PBXProject section */
		0867D690FE84028FC02AAC07 /* Project object */ = {
			isa = PBXProject;
			buildConfigurationList = 1DEB91B108733DA50010E9CD /* Build configuration list for PBXProject "ObjectiveMatchy" */;
			compatibilityVersion = "Xcode 3.1";
			hasScannedForEncodings = 1;
			mainGroup = 0867D691FE84028FC02AAC07 /* ObjectiveMatchy */;
			productRefGroup = 034768DFFF38A50411DB9C8B /* Products */;
			projectDirPath = "";
			projectRoot = "";
			targets = (
				8DC2EF4F0486A6940098B216 /* ObjectiveMatchy */,
				66F67D840FFA74AD00A657E2 /* Test */,
			);
		};
/* End PBXProject section */

/* Begin PBXResourcesBuildPhase section */
		66F67D800FFA74AD00A657E2 /* Resources */ = {
			isa = PBXResourcesBuildPhase;
			buildActionMask = 2147483647;
			files = (
			);
			runOnlyForDeploymentPostprocessing = 0;
		};
		8DC2EF520486A6940098B216 /* Resources */ = {
			isa = PBXResourcesBuildPhase;
			buildActionMask = 2147483647;
			files = (
				8DC2EF530486A6940098B216 /* InfoPlist.strings in Resources */,
			);
			runOnlyForDeploymentPostprocessing = 0;
		};
/* End PBXResourcesBuildPhase section */

/* Begin PBXShellScriptBuildPhase section */
		66F67D830FFA74AD00A657E2 /* ShellScript */ = {
			isa = PBXShellScriptBuildPhase;
			buildActionMask = 2147483647;
			files = (
			);
			inputPaths = (
			);
			outputPaths = (
			);
			runOnlyForDeploymentPostprocessing = 0;
			shellPath = /bin/sh;
			shellScript = "# Run the unit tests in this test bundle.\n\"${SYSTEM_DEVELOPER_DIR}/Tools/RunUnitTests\"\n";
		};
/* End PBXShellScriptBuildPhase section */

/* Begin PBXSourcesBuildPhase section */
		66F67D810FFA74AD00A657E2 /* Sources */ = {
			isa = PBXSourcesBuildPhase;
			buildActionMask = 2147483647;
			files = (
				66F67D900FFA74ED00A657E2 /* EqlTest.m in Sources */,
				6669468A0FFA7F8400A1706F /* OMExpectations-NSObject.m in Sources */,
				6669469A0FFA835200A1706F /* OMMatcherTest.m in Sources */,
				F51B089A0FFCB8D100F453BE /* OMMatcher-OMMatcherMethods.m in Sources */,
				666946A10FFA846600A1706F /* OMMatcher.m in Sources */,
				F5E3EB181000EECF00D432D7 /* RespondToSelectorTest.m in Sources */,
				F5E3EB511000F4C800D432D7 /* HaveKeyTest.m in Sources */,
				F5E3EB581000F5DB00D432D7 /* ObjectWithKey.m in Sources */,
				F5981F3A100211E70027F0CC /* OMWrapper.m in Sources */,
				F53D10901002488900E62C14 /* OMWrapperTest.m in Sources */,
				F571DB15100B35CD008F2E09 /* TestCaseMacroTest.m in Sources */,
				F571DB4A100B3E26008F2E09 /* OM-NSException.m in Sources */,
				5DC0E563100F1E3600F0303C /* ReturnValueForMessageTest.m in Sources */,
				5DF32B49100F29B50054B62A /* SimpleInvocationTest.m in Sources */,
				5DF32B52100F2BC10054B62A /* OMSimpleInvocation-NSObject.m in Sources */,
				5DF32BEE100F6F570054B62A /* OMBoolWrapper.m in Sources */,
				5DF32BF3100F6F7A0054B62A /* OMIntWrapper.m in Sources */,
				5DF32FEA100F9A470054B62A /* OMSELWrapper.m in Sources */,
				5D6FC5AB1010835F00B70742 /* ObjectReturnsForMessage.m in Sources */,
				5D6FC6A11010D98900B70742 /* ThrowForMessageTest.m in Sources */,
				5D8F7DC010134D4E0072FE0A /* BadObject.m in Sources */,
				5D8F7DE81013568A0072FE0A /* BeTest.m in Sources */,
				5DC3BF711014593400D388D5 /* ContainTest.m in Sources */,
				5DC3BF911014614800D388D5 /* OMFloatWrapper.m in Sources */,
			);
			runOnlyForDeploymentPostprocessing = 0;
		};
		8DC2EF540486A6940098B216 /* Sources */ = {
			isa = PBXSourcesBuildPhase;
			buildActionMask = 2147483647;
			files = (
				F571DC75100B63EC008F2E09 /* OMWrapper.m in Sources */,
				6669468C0FFA7F8400A1706F /* OMExpectations-NSObject.m in Sources */,
				F51B089C0FFCB8D100F453BE /* OMMatcher-OMMatcherMethods.m in Sources */,
				666946A30FFA846600A1706F /* OMMatcher.m in Sources */,
				F571DB49100B3E26008F2E09 /* OM-NSException.m in Sources */,
				5DF32B51100F2BC10054B62A /* OMSimpleInvocation-NSObject.m in Sources */,
				5DF32BF0100F6F570054B62A /* OMBoolWrapper.m in Sources */,
				5DF32BF5100F6F7A0054B62A /* OMIntWrapper.m in Sources */,
				5DF32FEC100F9A470054B62A /* OMSELWrapper.m in Sources */,
				5DC3BF931014614800D388D5 /* OMFloatWrapper.m in Sources */,
			);
			runOnlyForDeploymentPostprocessing = 0;
		};
/* End PBXSourcesBuildPhase section */

/* Begin PBXTargetDependency section */
		66F67D8B0FFA74B400A657E2 /* PBXTargetDependency */ = {
			isa = PBXTargetDependency;
			target = 8DC2EF4F0486A6940098B216 /* ObjectiveMatchy */;
			targetProxy = 66F67D8A0FFA74B400A657E2 /* PBXContainerItemProxy */;
		};
/* End PBXTargetDependency section */

/* Begin PBXVariantGroup section */
		089C1666FE841158C02AAC07 /* InfoPlist.strings */ = {
			isa = PBXVariantGroup;
			children = (
				089C1667FE841158C02AAC07 /* English */,
			);
			name = InfoPlist.strings;
			sourceTree = "<group>";
		};
/* End PBXVariantGroup section */

/* Begin XCBuildConfiguration section */
		1DEB91AE08733DA50010E9CD /* Debug */ = {
			isa = XCBuildConfiguration;
			buildSettings = {
				ALWAYS_SEARCH_USER_PATHS = NO;
				COPY_PHASE_STRIP = NO;
				DYLIB_COMPATIBILITY_VERSION = 1;
				DYLIB_CURRENT_VERSION = 1;
				FRAMEWORK_SEARCH_PATHS = (
					"$(inherited)",
					"\"$(DEVELOPER_FRAMEWORKS_DIR)\"",
				);
				FRAMEWORK_VERSION = A;
				GCC_DYNAMIC_NO_PIC = NO;
				GCC_ENABLE_FIX_AND_CONTINUE = YES;
				GCC_MODEL_TUNING = G5;
				GCC_OPTIMIZATION_LEVEL = 0;
				GCC_PRECOMPILE_PREFIX_HEADER = YES;
				GCC_PREFIX_HEADER = ObjectiveMatchy_Prefix.pch;
				INFOPLIST_FILE = Info.plist;
				INSTALL_PATH = "$(HOME)/Library/Frameworks";
				PRODUCT_NAME = ObjectiveMatchy;
				WRAPPER_EXTENSION = framework;
			};
			name = Debug;
		};
		1DEB91AF08733DA50010E9CD /* Release */ = {
			isa = XCBuildConfiguration;
			buildSettings = {
				ALWAYS_SEARCH_USER_PATHS = NO;
				DEBUG_INFORMATION_FORMAT = "dwarf-with-dsym";
				DYLIB_COMPATIBILITY_VERSION = 1;
				DYLIB_CURRENT_VERSION = 1;
				FRAMEWORK_SEARCH_PATHS = (
					"$(inherited)",
					"\"$(DEVELOPER_FRAMEWORKS_DIR)\"",
				);
				FRAMEWORK_VERSION = A;
				GCC_MODEL_TUNING = G5;
				GCC_PRECOMPILE_PREFIX_HEADER = YES;
				GCC_PREFIX_HEADER = ObjectiveMatchy_Prefix.pch;
				INFOPLIST_FILE = Info.plist;
				INSTALL_PATH = "$(HOME)/Library/Frameworks";
				PRODUCT_NAME = ObjectiveMatchy;
				WRAPPER_EXTENSION = framework;
			};
			name = Release;
		};
		1DEB91B208733DA50010E9CD /* Debug */ = {
			isa = XCBuildConfiguration;
			buildSettings = {
				ARCHS = "$(ARCHS_STANDARD_32_BIT)";
				GCC_C_LANGUAGE_STANDARD = c99;
				GCC_OPTIMIZATION_LEVEL = 0;
				GCC_WARN_ABOUT_RETURN_TYPE = YES;
				GCC_WARN_UNUSED_VARIABLE = YES;
				ONLY_ACTIVE_ARCH = YES;
				PREBINDING = NO;
				SDKROOT = macosx10.5;
			};
			name = Debug;
		};
		1DEB91B308733DA50010E9CD /* Release */ = {
			isa = XCBuildConfiguration;
			buildSettings = {
				ARCHS = "$(ARCHS_STANDARD_32_BIT)";
				GCC_C_LANGUAGE_STANDARD = c99;
				GCC_WARN_ABOUT_RETURN_TYPE = YES;
				GCC_WARN_UNUSED_VARIABLE = YES;
				PREBINDING = NO;
				SDKROOT = macosx10.5;
			};
			name = Release;
		};
		66F67D870FFA74AE00A657E2 /* Debug */ = {
			isa = XCBuildConfiguration;
			buildSettings = {
				ALWAYS_SEARCH_USER_PATHS = NO;
				COPY_PHASE_STRIP = NO;
				FRAMEWORK_SEARCH_PATHS = "$(DEVELOPER_LIBRARY_DIR)/Frameworks";
				GCC_DYNAMIC_NO_PIC = NO;
				GCC_ENABLE_FIX_AND_CONTINUE = NO;
				GCC_ENABLE_OBJC_EXCEPTIONS = YES;
				GCC_MODEL_TUNING = G5;
				GCC_OPTIMIZATION_LEVEL = 0;
				GCC_PRECOMPILE_PREFIX_HEADER = YES;
				GCC_PREFIX_HEADER = "$(SYSTEM_LIBRARY_DIR)/Frameworks/Cocoa.framework/Headers/Cocoa.h";
				INFOPLIST_FILE = "Test-Info.plist";
				INSTALL_PATH = "$(USER_LIBRARY_DIR)/Bundles";
				OTHER_LDFLAGS = (
					"-framework",
					Cocoa,
					"-framework",
					SenTestingKit,
				);
				PREBINDING = NO;
				PRODUCT_NAME = Test;
				WRAPPER_EXTENSION = octest;
			};
			name = Debug;
		};
		66F67D880FFA74AE00A657E2 /* Release */ = {
			isa = XCBuildConfiguration;
			buildSettings = {
				ALWAYS_SEARCH_USER_PATHS = NO;
				COPY_PHASE_STRIP = YES;
				DEBUG_INFORMATION_FORMAT = "dwarf-with-dsym";
				FRAMEWORK_SEARCH_PATHS = "$(DEVELOPER_LIBRARY_DIR)/Frameworks";
				GCC_ENABLE_FIX_AND_CONTINUE = NO;
				GCC_ENABLE_OBJC_EXCEPTIONS = YES;
				GCC_MODEL_TUNING = G5;
				GCC_PRECOMPILE_PREFIX_HEADER = YES;
				GCC_PREFIX_HEADER = "$(SYSTEM_LIBRARY_DIR)/Frameworks/Cocoa.framework/Headers/Cocoa.h";
				INFOPLIST_FILE = "Test-Info.plist";
				INSTALL_PATH = "$(USER_LIBRARY_DIR)/Bundles";
				OTHER_LDFLAGS = (
					"-framework",
					Cocoa,
					"-framework",
					SenTestingKit,
				);
				PREBINDING = NO;
				PRODUCT_NAME = Test;
				WRAPPER_EXTENSION = octest;
				ZERO_LINK = NO;
			};
			name = Release;
		};
/* End XCBuildConfiguration section */

/* Begin XCConfigurationList section */
		1DEB91AD08733DA50010E9CD /* Build configuration list for PBXNativeTarget "ObjectiveMatchy" */ = {
			isa = XCConfigurationList;
			buildConfigurations = (
				1DEB91AE08733DA50010E9CD /* Debug */,
				1DEB91AF08733DA50010E9CD /* Release */,
			);
			defaultConfigurationIsVisible = 0;
			defaultConfigurationName = Release;
		};
		1DEB91B108733DA50010E9CD /* Build configuration list for PBXProject "ObjectiveMatchy" */ = {
			isa = XCConfigurationList;
			buildConfigurations = (
				1DEB91B208733DA50010E9CD /* Debug */,
				1DEB91B308733DA50010E9CD /* Release */,
			);
			defaultConfigurationIsVisible = 0;
			defaultConfigurationName = Release;
		};
		66F67D890FFA74AE00A657E2 /* Build configuration list for PBXNativeTarget "Test" */ = {
			isa = XCConfigurationList;
			buildConfigurations = (
				66F67D870FFA74AE00A657E2 /* Debug */,
				66F67D880FFA74AE00A657E2 /* Release */,
			);
			defaultConfigurationIsVisible = 0;
			defaultConfigurationName = Release;
		};
/* End XCConfigurationList section */
	};
	rootObject = 0867D690FE84028FC02AAC07 /* Project object */;
}
